
Microsoft Visual Studio Solution File, Format Version 12.00
# Visual Studio Version 16
VisualStudioVersion = 16.0.30523.141
MinimumVisualStudioVersion = 10.0.40219.1
Project("{9A19103F-16F7-4668-BE54-9A1E7A4F7556}") = "SignalRServer", "SignalRServer\SignalRServer.csproj", "{955D2AEC-DC74-47ED-B89D-DA08A8A5B204}"
EndProject
Project("{FAE04EC0-301F-11D3-BF4B-00C04F79EFBC}") = "SignalRController", "SignalRController\SignalRController.csproj", "{1F109608-00C9-4E9F-881E-90B3BE128EE1}"
EndProject
Global
	GlobalSection(SolutionConfigurationPlatforms) = preSolution
		Debug|Any CPU = Debug|Any CPU
		Release|Any CPU = Release|Any CPU
	EndGlobalSection
	GlobalSection(ProjectConfigurationPlatforms) = postSolution
		{955D2AEC-DC74-47ED-B89D-DA08A8A5B204}.Debug|Any CPU.ActiveCfg = Debug|Any CPU
		{955D2AEC-DC74-47ED-B89D-DA08A8A5B204}.Debug|Any CPU.Build.0 = Debug|Any CPU
		{955D2AEC-DC74-47ED-B89D-DA08A8A5B204}.Release|Any CPU.ActiveCfg = Release|Any CPU
		{955D2AEC-DC74-47ED-B89D-DA08A8A5B204}.Release|Any CPU.Build.0 = Release|Any CPU
		{1F109608-00C9-4E9F-881E-90B3BE128EE1}.Debug|Any CPU.ActiveCfg = Debug|Any CPU
		{1F109608-00C9-4E9F-881E-90B3BE128EE1}.Debug|Any CPU.Build.0 = Debug|Any CPU
		{1F109608-00C9-4E9F-881E-90B3BE128EE1}.Release|Any CPU.ActiveCfg = Release|Any CPU
		{1F109608-00C9-4E9F-881E-90B3BE128EE1}.Release|Any CPU.Build.0 = Release|Any CPU
	EndGlobalSection
	GlobalSection(SolutionProperties) = preSolution
		HideSolutionNode = FALSE
	EndGlobalSection
	GlobalSection(ExtensibilityGlobals) = postSolution
		SolutionGuid = {BBAFD2A7-B4CE-45CA-AD9E-3B7EA86C2486}
	EndGlobalSection
EndGlobal
